
Microsoft Visual Studio Solution File, Format Version 12.00
# Visual Studio Version 17
VisualStudioVersion = 17.1.32414.318
MinimumVisualStudioVersion = 10.0.40219.1
Project("{FAE04EC0-301F-11D3-BF4B-00C04F79EFBC}") = "Project1", "Project1\Project1.csproj", "{DFD76A80-60F3-4895-A45A-84B98806D95D}"
EndProject
Global
	GlobalSection(SolutionConfigurationPlatforms) = preSolution
		Debug|Any CPU = Debug|Any CPU
		Release|Any CPU = Release|Any CPU
	EndGlobalSection
	GlobalSection(ProjectConfigurationPlatforms) = postSolution
		{DFD76A80-60F3-4895-A45A-84B98806D95D}.Debug|Any CPU.ActiveCfg = Debug|Any CPU
		{DFD76A80-60F3-4895-A45A-84B98806D95D}.Debug|Any CPU.Build.0 = Debug|Any CPU
		{DFD76A80-60F3-4895-A45A-84B98806D95D}.Release|Any CPU.ActiveCfg = Release|Any CPU
		{DFD76A80-60F3-4895-A45A-84B98806D95D}.Release|Any CPU.Build.0 = Release|Any CPU
	EndGlobalSection
	GlobalSection(SolutionProperties) = preSolution
		HideSolutionNode = FALSE
	EndGlobalSection
	GlobalSection(ExtensibilityGlobals) = postSolution
		SolutionGuid = {1381DB7E-D217-4C6E-AC5F-EA87A97F2A23}
	EndGlobalSection
EndGlobal
